# @generated by Move, please check-in and do not edit manually.

[move]
version = 3
manifest_digest = "9B49CBF1286A996F42FB59888E4BAD2E449623E108164517CFDC248978A3E7AC"
deps_digest = "F8BBB0CCB2491CA29A3DF03D6F92277A4F3574266507ACD77214D37ECA3F3082"
dependencies = [
  { id = "Sui", name = "Sui" },
]

[[move.package]]
id = "MoveStdlib"
source = { git = "https://github.com/MystenLabs/sui.git", rev = "framework/testnet", subdir = "crates/sui-framework/packages/move-stdlib" }

[[move.package]]
id = "Sui"
source = { git = "https://github.com/MystenLabs/sui.git", rev = "framework/testnet", subdir = "crates/sui-framework/packages/sui-framework" }

dependencies = [
  { id = "MoveStdlib", name = "MoveStdlib" },
]

[move.toolchain-version]
compiler-version = "1.40.3"
edition = "2024.beta"
flavor = "sui"

[env]

[env.localnet]
chain-id = "768cb0c8"
original-published-id = "0x2e231b8124ed72568879513cd06a806584a6ec084d0afe983c17bde961c9d19b"
latest-published-id = "0x2e231b8124ed72568879513cd06a806584a6ec084d0afe983c17bde961c9d19b"
published-version = "1"

[env.local]
chain-id = "768cb0c8"
original-published-id = "0x4b9c65ffeada92d4ed63f26b11f091ff19a9f099544efd34800f85ceb5c3f793"
latest-published-id = "0x4b9c65ffeada92d4ed63f26b11f091ff19a9f099544efd34800f85ceb5c3f793"
published-version = "1"
